
Microsoft Visual Studio Solution File, Format Version 12.00
# Visual Studio Version 17
VisualStudioVersion = 17.1.32414.318
MinimumVisualStudioVersion = 10.0.40219.1
Project("{FAE04EC0-301F-11D3-BF4B-00C04F79EFBC}") = "PerfumesInventoryAPI", "PerfumesInventoryAPI\PerfumesInventoryAPI.csproj", "{974E757B-46FF-4FDE-8B83-E2C3924554F6}"
EndProject
Project("{00D1A9C2-B5F0-4AF3-8072-F6C62B433612}") = "PerfumesDB", "PerfumesDB\PerfumesDB.sqlproj", "{1D48386D-BD1C-42A6-981B-12A5DBF78E47}"
EndProject
Project("{FAE04EC0-301F-11D3-BF4B-00C04F79EFBC}") = "DataAccess", "DataAccess\DataAccess.csproj", "{CCEC2D85-6F47-41D9-A613-158067F125ED}"
EndProject
Project("{2150E333-8FDC-42A3-9474-1A3956D46DE8}") = "Solution Items", "Solution Items", "{4E395C2F-0D3F-49A9-86E6-085DCC54AA06}"
	ProjectSection(SolutionItems) = preProject
		.editorconfig = .editorconfig
	EndProjectSection
EndProject
Global
	GlobalSection(SolutionConfigurationPlatforms) = preSolution
		Debug|Any CPU = Debug|Any CPU
		Release|Any CPU = Release|Any CPU
	EndGlobalSection
	GlobalSection(ProjectConfigurationPlatforms) = postSolution
		{974E757B-46FF-4FDE-8B83-E2C3924554F6}.Debug|Any CPU.ActiveCfg = Debug|Any CPU
		{974E757B-46FF-4FDE-8B83-E2C3924554F6}.Debug|Any CPU.Build.0 = Debug|Any CPU
		{974E757B-46FF-4FDE-8B83-E2C3924554F6}.Release|Any CPU.ActiveCfg = Release|Any CPU
		{974E757B-46FF-4FDE-8B83-E2C3924554F6}.Release|Any CPU.Build.0 = Release|Any CPU
		{1D48386D-BD1C-42A6-981B-12A5DBF78E47}.Debug|Any CPU.ActiveCfg = Debug|Any CPU
		{1D48386D-BD1C-42A6-981B-12A5DBF78E47}.Debug|Any CPU.Build.0 = Debug|Any CPU
		{1D48386D-BD1C-42A6-981B-12A5DBF78E47}.Debug|Any CPU.Deploy.0 = Debug|Any CPU
		{1D48386D-BD1C-42A6-981B-12A5DBF78E47}.Release|Any CPU.ActiveCfg = Release|Any CPU
		{1D48386D-BD1C-42A6-981B-12A5DBF78E47}.Release|Any CPU.Build.0 = Release|Any CPU
		{1D48386D-BD1C-42A6-981B-12A5DBF78E47}.Release|Any CPU.Deploy.0 = Release|Any CPU
		{CCEC2D85-6F47-41D9-A613-158067F125ED}.Debug|Any CPU.ActiveCfg = Debug|Any CPU
		{CCEC2D85-6F47-41D9-A613-158067F125ED}.Debug|Any CPU.Build.0 = Debug|Any CPU
		{CCEC2D85-6F47-41D9-A613-158067F125ED}.Release|Any CPU.ActiveCfg = Release|Any CPU
		{CCEC2D85-6F47-41D9-A613-158067F125ED}.Release|Any CPU.Build.0 = Release|Any CPU
	EndGlobalSection
	GlobalSection(SolutionProperties) = preSolution
		HideSolutionNode = FALSE
	EndGlobalSection
	GlobalSection(ExtensibilityGlobals) = postSolution
		SolutionGuid = {D1B95ABD-49B0-4E55-B23F-453213501E88}
	EndGlobalSection
EndGlobal
